// !$*UTF8*$!
{
	archiveVersion = 1;
	classes = {
	};
	objectVersion = 46;
	objects = {

/* Begin PBXBuildFile section */
		ED7B75C31D90EE4C007D6FD8 /* Bottomsheet.framework in Frameworks */ = {isa = PBXBuildFile; fileRef = ED7B75C21D90EE46007D6FD8 /* Bottomsheet.framework */; };
		ED7B75C41D90EE4C007D6FD8 /* Bottomsheet.framework in Embed Frameworks */ = {isa = PBXBuildFile; fileRef = ED7B75C21D90EE46007D6FD8 /* Bottomsheet.framework */; settings = {ATTRIBUTES = (CodeSignOnCopy, RemoveHeadersOnCopy, ); }; };
		ED99E7E21E5D8773001A71E8 /* Assets.xcassets in Resources */ = {isa = PBXBuildFile; fileRef = ED99E7E01E5D8773001A71E8 /* Assets.xcassets */; };
		ED99E7E71E5D8782001A71E8 /* CollectionViewCell.swift in Sources */ = {isa = PBXBuildFile; fileRef = ED99E7E51E5D8782001A71E8 /* CollectionViewCell.swift */; };
		ED99E7E81E5D8782001A71E8 /* TableViewCell.swift in Sources */ = {isa = PBXBuildFile; fileRef = ED99E7E61E5D8782001A71E8 /* TableViewCell.swift */; };
		ED99E7ED1E5D878E001A71E8 /* DelegateManager.swift in Sources */ = {isa = PBXBuildFile; fileRef = ED99E7EA1E5D878E001A71E8 /* DelegateManager.swift */; };
		ED99E7EE1E5D878E001A71E8 /* MainViewController.storyboard in Resources */ = {isa = PBXBuildFile; fileRef = ED99E7EB1E5D878E001A71E8 /* MainViewController.storyboard */; };
		ED99E7EF1E5D878E001A71E8 /* MainViewController.swift in Sources */ = {isa = PBXBuildFile; fileRef = ED99E7EC1E5D878E001A71E8 /* MainViewController.swift */; };
		ED99E7F31E5D8796001A71E8 /* AppDelegate.swift in Sources */ = {isa = PBXBuildFile; fileRef = ED99E7F01E5D8796001A71E8 /* AppDelegate.swift */; };
		ED99E7F41E5D8796001A71E8 /* Assets.swift in Sources */ = {isa = PBXBuildFile; fileRef = ED99E7F11E5D8796001A71E8 /* Assets.swift */; };
		ED99E7F51E5D8796001A71E8 /* LaunchScreen.storyboard in Resources */ = {isa = PBXBuildFile; fileRef = ED99E7F21E5D8796001A71E8 /* LaunchScreen.storyboard */; };
/* End PBXBuildFile section */

/* Begin PBXContainerItemProxy section */
		ED7B75C11D90EE46007D6FD8 /* PBXContainerItemProxy */ = {
			isa = PBXContainerItemProxy;
			containerPortal = ED7B75BD1D90EE46007D6FD8 /* Bottomsheet.xcodeproj */;
			proxyType = 2;
			remoteGlobalIDString = 935BD5BF1CE25F7500E5FDF7;
			remoteInfo = Bottomsheet;
		};
		ED7B75C51D90EE4C007D6FD8 /* PBXContainerItemProxy */ = {
			isa = PBXContainerItemProxy;
			containerPortal = ED7B75BD1D90EE46007D6FD8 /* Bottomsheet.xcodeproj */;
			proxyType = 1;
			remoteGlobalIDString = OBJ_17;
			remoteInfo = Bottomsheet;
		};
/* End PBXContainerItemProxy section */

/* Begin PBXCopyFilesBuildPhase section */
		935BD6B91CE269C900E5FDF7 /* Embed Frameworks */ = {
			isa = PBXCopyFilesBuildPhase;
			buildActionMask = 2147483647;
			dstPath = "";
			dstSubfolderSpec = 10;
			files = (
				ED7B75C41D90EE4C007D6FD8 /* Bottomsheet.framework in Embed Frameworks */,
			);
			name = "Embed Frameworks";
			runOnlyForDeploymentPostprocessing = 0;
		};
/* End PBXCopyFilesBuildPhase section */

/* Begin PBXFileReference section */
		935BD6841CE2670F00E5FDF7 /* Example.app */ = {isa = PBXFileReference; explicitFileType = wrapper.application; includeInIndex = 0; path = Example.app; sourceTree = BUILT_PRODUCTS_DIR; };
		ED7B75BD1D90EE46007D6FD8 /* Bottomsheet.xcodeproj */ = {isa = PBXFileReference; lastKnownFileType = "wrapper.pb-project"; name = Bottomsheet.xcodeproj; path = ../Bottomsheet.xcodeproj; sourceTree = "<group>"; };
		ED99E7E01E5D8773001A71E8 /* Assets.xcassets */ = {isa = PBXFileReference; lastKnownFileType = folder.assetcatalog; name = Assets.xcassets; path = Resources/Assets.xcassets; sourceTree = "<group>"; };
		ED99E7E11E5D8773001A71E8 /* Info.plist */ = {isa = PBXFileReference; fileEncoding = 4; lastKnownFileType = text.plist.xml; name = Info.plist; path = Resources/Info.plist; sourceTree = "<group>"; };
		ED99E7E51E5D8782001A71E8 /* CollectionViewCell.swift */ = {isa = PBXFileReference; fileEncoding = 4; lastKnownFileType = sourcecode.swift; name = CollectionViewCell.swift; path = Sources/Cells/CollectionViewCell.swift; sourceTree = "<group>"; };
		ED99E7E61E5D8782001A71E8 /* TableViewCell.swift */ = {isa = PBXFileReference; fileEncoding = 4; lastKnownFileType = sourcecode.swift; name = TableViewCell.swift; path = Sources/Cells/TableViewCell.swift; sourceTree = "<group>"; };
		ED99E7EA1E5D878E001A71E8 /* DelegateManager.swift */ = {isa = PBXFileReference; fileEncoding = 4; lastKnownFileType = sourcecode.swift; name = DelegateManager.swift; path = Sources/ViewController/DelegateManager.swift; sourceTree = "<group>"; };
		ED99E7EB1E5D878E001A71E8 /* MainViewController.storyboard */ = {isa = PBXFileReference; fileEncoding = 4; lastKnownFileType = file.storyboard; name = MainViewController.storyboard; path = Sources/ViewController/MainViewController.storyboard; sourceTree = "<group>"; };
		ED99E7EC1E5D878E001A71E8 /* MainViewController.swift */ = {isa = PBXFileReference; fileEncoding = 4; lastKnownFileType = sourcecode.swift; name = MainViewController.swift; path = Sources/ViewController/MainViewController.swift; sourceTree = "<group>"; };
		ED99E7F01E5D8796001A71E8 /* AppDelegate.swift */ = {isa = PBXFileReference; fileEncoding = 4; lastKnownFileType = sourcecode.swift; name = AppDelegate.swift; path = Sources/AppDelegate.swift; sourceTree = "<group>"; };
		ED99E7F11E5D8796001A71E8 /* Assets.swift */ = {isa = PBXFileReference; fileEncoding = 4; lastKnownFileType = sourcecode.swift; name = Assets.swift; path = Sources/Assets.swift; sourceTree = "<group>"; };
		ED99E7F21E5D8796001A71E8 /* LaunchScreen.storyboard */ = {isa = PBXFileReference; fileEncoding = 4; lastKnownFileType = file.storyboard; name = LaunchScreen.storyboard; path = Sources/LaunchScreen.storyboard; sourceTree = "<group>"; };
/* End PBXFileReference section */

/* Begin PBXFrameworksBuildPhase section */
		935BD6811CE2670F00E5FDF7 /* Frameworks */ = {
			isa = PBXFrameworksBuildPhase;
			buildActionMask = 2147483647;
			files = (
				ED7B75C31D90EE4C007D6FD8 /* Bottomsheet.framework in Frameworks */,
			);
			runOnlyForDeploymentPostprocessing = 0;
		};
/* End PBXFrameworksBuildPhase section */

/* Begin PBXGroup section */
		935BD67B1CE2670F00E5FDF7 = {
			isa = PBXGroup;
			children = (
				935BD6861CE2670F00E5FDF7 /* Example */,
				ED7B75BC1D90EE46007D6FD8 /* Frameworks */,
				935BD6851CE2670F00E5FDF7 /* Products */,
			);
			sourceTree = "<group>";
		};
		935BD6851CE2670F00E5FDF7 /* Products */ = {
			isa = PBXGroup;
			children = (
				935BD6841CE2670F00E5FDF7 /* Example.app */,
			);
			name = Products;
			sourceTree = "<group>";
		};
		935BD6861CE2670F00E5FDF7 /* Example */ = {
			isa = PBXGroup;
			children = (
				ED99E7DF1E5D875B001A71E8 /* Resources */,
				ED99E7DE1E5D8754001A71E8 /* Sources */,
			);
			path = Example;
			sourceTree = "<group>";
		};
		ED7B75BC1D90EE46007D6FD8 /* Frameworks */ = {
			isa = PBXGroup;
			children = (
				ED7B75BD1D90EE46007D6FD8 /* Bottomsheet.xcodeproj */,
			);
			name = Frameworks;
			sourceTree = "<group>";
		};
		ED7B75BE1D90EE46007D6FD8 /* Products */ = {
			isa = PBXGroup;
			children = (
				ED7B75C21D90EE46007D6FD8 /* Bottomsheet.framework */,
			);
			name = Products;
			sourceTree = "<group>";
		};
		ED99E7DE1E5D8754001A71E8 /* Sources */ = {
			isa = PBXGroup;
			children = (
				ED99E7E41E5D8779001A71E8 /* Cells */,
				ED99E7E91E5D8787001A71E8 /* ViewController */,
				ED99E7F01E5D8796001A71E8 /* AppDelegate.swift */,
				ED99E7F11E5D8796001A71E8 /* Assets.swift */,
				ED99E7F21E5D8796001A71E8 /* LaunchScreen.storyboard */,
			);
			name = Sources;
			sourceTree = "<group>";
		};
		ED99E7DF1E5D875B001A71E8 /* Resources */ = {
			isa = PBXGroup;
			children = (
				ED99E7E01E5D8773001A71E8 /* Assets.xcassets */,
				ED99E7E11E5D8773001A71E8 /* Info.plist */,
			);
			name = Resources;
			sourceTree = "<group>";
		};
		ED99E7E41E5D8779001A71E8 /* Cells */ = {
			isa = PBXGroup;
			children = (
				ED99E7E51E5D8782001A71E8 /* CollectionViewCell.swift */,
				ED99E7E61E5D8782001A71E8 /* TableViewCell.swift */,
			);
			name = Cells;
			sourceTree = "<group>";
		};
		ED99E7E91E5D8787001A71E8 /* ViewController */ = {
			isa = PBXGroup;
			children = (
				ED99E7EA1E5D878E001A71E8 /* DelegateManager.swift */,
				ED99E7EB1E5D878E001A71E8 /* MainViewController.storyboard */,
				ED99E7EC1E5D878E001A71E8 /* MainViewController.swift */,
			);
			name = ViewController;
			sourceTree = "<group>";
		};
/* End PBXGroup section */

/* Begin PBXNativeTarget section */
		935BD6831CE2670F00E5FDF7 /* Example */ = {
			isa = PBXNativeTarget;
			buildConfigurationList = 935BD6961CE2670F00E5FDF7 /* Build configuration list for PBXNativeTarget "Example" */;
			buildPhases = (
				935BD6801CE2670F00E5FDF7 /* Sources */,
				935BD6811CE2670F00E5FDF7 /* Frameworks */,
				935BD6821CE2670F00E5FDF7 /* Resources */,
				935BD6B91CE269C900E5FDF7 /* Embed Frameworks */,
			);
			buildRules = (
			);
			dependencies = (
				ED7B75C61D90EE4C007D6FD8 /* PBXTargetDependency */,
			);
			name = Example;
			productName = Example;
			productReference = 935BD6841CE2670F00E5FDF7 /* Example.app */;
			productType = "com.apple.product-type.application";
		};
/* End PBXNativeTarget section */

/* Begin PBXProject section */
		935BD67C1CE2670F00E5FDF7 /* Project object */ = {
			isa = PBXProject;
			attributes = {
				LastSwiftUpdateCheck = 0730;
				LastUpgradeCheck = 0800;
				ORGANIZATIONNAME = "hiroyuki yoshida";
				TargetAttributes = {
					935BD6831CE2670F00E5FDF7 = {
						CreatedOnToolsVersion = 7.3.1;
						LastSwiftMigration = 0820;
					};
				};
			};
			buildConfigurationList = 935BD67F1CE2670F00E5FDF7 /* Build configuration list for PBXProject "Example" */;
			compatibilityVersion = "Xcode 3.2";
			developmentRegion = English;
			hasScannedForEncodings = 0;
			knownRegions = (
				en,
				Base,
			);
			mainGroup = 935BD67B1CE2670F00E5FDF7;
			productRefGroup = 935BD6851CE2670F00E5FDF7 /* Products */;
			projectDirPath = "";
			projectReferences = (
				{
					ProductGroup = ED7B75BE1D90EE46007D6FD8 /* Products */;
					ProjectRef = ED7B75BD1D90EE46007D6FD8 /* Bottomsheet.xcodeproj */;
				},
			);
			projectRoot = "";
			targets = (
				935BD6831CE2670F00E5FDF7 /* Example */,
			);
		};
/* End PBXProject section */

/* Begin PBXReferenceProxy section */
		ED7B75C21D90EE46007D6FD8 /* Bottomsheet.framework */ = {
			isa = PBXReferenceProxy;
			fileType = wrapper.framework;
			path = Bottomsheet.framework;
			remoteRef = ED7B75C11D90EE46007D6FD8 /* PBXContainerItemProxy */;
			sourceTree = BUILT_PRODUCTS_DIR;
		};
/* End PBXReferenceProxy section */

/* Begin PBXResourcesBuildPhase section */
		935BD6821CE2670F00E5FDF7 /* Resources */ = {
			isa = PBXResourcesBuildPhase;
			buildActionMask = 2147483647;
			files = (
				ED99E7E21E5D8773001A71E8 /* Assets.xcassets in Resources */,
				ED99E7F51E5D8796001A71E8 /* LaunchScreen.storyboard in Resources */,
				ED99E7EE1E5D878E001A71E8 /* MainViewController.storyboard in Resources */,
			);
			runOnlyForDeploymentPostprocessing = 0;
		};
/* End PBXResourcesBuildPhase section */

/* Begin PBXSourcesBuildPhase section */
		935BD6801CE2670F00E5FDF7 /* Sources */ = {
			isa = PBXSourcesBuildPhase;
			buildActionMask = 2147483647;
			files = (
				ED99E7F31E5D8796001A71E8 /* AppDelegate.swift in Sources */,
				ED99E7F41E5D8796001A71E8 /* Assets.swift in Sources */,
				ED99E7E71E5D8782001A71E8 /* CollectionViewCell.swift in Sources */,
				ED99E7ED1E5D878E001A71E8 /* DelegateManager.swift in Sources */,
				ED99E7EF1E5D878E001A71E8 /* MainViewController.swift in Sources */,
				ED99E7E81E5D8782001A71E8 /* TableViewCell.swift in Sources */,
			);
			runOnlyForDeploymentPostprocessing = 0;
		};
/* End PBXSourcesBuildPhase section */

/* Begin PBXTargetDependency section */
		ED7B75C61D90EE4C007D6FD8 /* PBXTargetDependency */ = {
			isa = PBXTargetDependency;
			name = Bottomsheet;
			targetProxy = ED7B75C51D90EE4C007D6FD8 /* PBXContainerItemProxy */;
		};
/* End PBXTargetDependency section */

/* Begin XCBuildConfiguration section */
		935BD6941CE2670F00E5FDF7 /* Debug */ = {
			isa = XCBuildConfiguration;
			buildSettings = {
				ALWAYS_SEARCH_USER_PATHS = NO;
				CLANG_ANALYZER_NONNULL = YES;
				CLANG_CXX_LANGUAGE_STANDARD = "gnu++0x";
				CLANG_CXX_LIBRARY = "libc++";
				CLANG_ENABLE_MODULES = YES;
				CLANG_ENABLE_OBJC_ARC = YES;
				CLANG_WARN_BOOL_CONVERSION = YES;
				CLANG_WARN_CONSTANT_CONVERSION = YES;
				CLANG_WARN_DIRECT_OBJC_ISA_USAGE = YES_ERROR;
				CLANG_WARN_EMPTY_BODY = YES;
				CLANG_WARN_ENUM_CONVERSION = YES;
				CLANG_WARN_INFINITE_RECURSION = YES;
				CLANG_WARN_INT_CONVERSION = YES;
				CLANG_WARN_OBJC_ROOT_CLASS = YES_ERROR;
				CLANG_WARN_SUSPICIOUS_MOVE = YES;
				CLANG_WARN_UNREACHABLE_CODE = YES;
				CLANG_WARN__DUPLICATE_METHOD_MATCH = YES;
				"CODE_SIGN_IDENTITY[sdk=iphoneos*]" = "iPhone Developer";
				COPY_PHASE_STRIP = NO;
				DEBUG_INFORMATION_FORMAT = dwarf;
				ENABLE_STRICT_OBJC_MSGSEND = YES;
				ENABLE_TESTABILITY = YES;
				GCC_C_LANGUAGE_STANDARD = gnu99;
				GCC_DYNAMIC_NO_PIC = NO;
				GCC_NO_COMMON_BLOCKS = YES;
				GCC_OPTIMIZATION_LEVEL = 0;
				GCC_PREPROCESSOR_DEFINITIONS = (
					"DEBUG=1",
					"$(inherited)",
				);
				GCC_WARN_64_TO_32_BIT_CONVERSION = YES;
				GCC_WARN_ABOUT_RETURN_TYPE = YES_ERROR;
				GCC_WARN_UNDECLARED_SELECTOR = YES;
				GCC_WARN_UNINITIALIZED_AUTOS = YES_AGGRESSIVE;
				GCC_WARN_UNUSED_FUNCTION = YES;
				GCC_WARN_UNUSED_VARIABLE = YES;
				IPHONEOS_DEPLOYMENT_TARGET = 9.0;
				MTL_ENABLE_DEBUG_INFO = YES;
				ONLY_ACTIVE_ARCH = YES;
				SDKROOT = iphoneos;
				SWIFT_OPTIMIZATION_LEVEL = "-Onone";
			};
			name = Debug;
		};
		935BD6951CE2670F00E5FDF7 /* Release */ = {
			isa = XCBuildConfiguration;
			buildSettings = {
				ALWAYS_SEARCH_USER_PATHS = NO;
				CLANG_ANALYZER_NONNULL = YES;
				CLANG_CXX_LANGUAGE_STANDARD = "gnu++0x";
				CLANG_CXX_LIBRARY = "libc++";
				CLANG_ENABLE_MODULES = YES;
				CLANG_ENABLE_OBJC_ARC = YES;
				CLANG_WARN_BOOL_CONVERSION = YES;
				CLANG_WARN_CONSTANT_CONVERSION = YES;
				CLANG_WARN_DIRECT_OBJC_ISA_USAGE = YES_ERROR;
				CLANG_WARN_EMPTY_BODY = YES;
				CLANG_WARN_ENUM_CONVERSION = YES;
				CLANG_WARN_INFINITE_RECURSION = YES;
				CLANG_WARN_INT_CONVERSION = YES;
				CLANG_WARN_OBJC_ROOT_CLASS = YES_ERROR;
				CLANG_WARN_SUSPICIOUS_MOVE = YES;
				CLANG_WARN_UNREACHABLE_CODE = YES;
				CLANG_WARN__DUPLICATE_METHOD_MATCH = YES;
				"CODE_SIGN_IDENTITY[sdk=iphoneos*]" = "iPhone Developer";
				COPY_PHASE_STRIP = NO;
				DEBUG_INFORMATION_FORMAT = "dwarf-with-dsym";
				ENABLE_NS_ASSERTIONS = NO;
				ENABLE_STRICT_OBJC_MSGSEND = YES;
				GCC_C_LANGUAGE_STANDARD = gnu99;
				GCC_NO_COMMON_BLOCKS = YES;
				GCC_WARN_64_TO_32_BIT_CONVERSION = YES;
				GCC_WARN_ABOUT_RETURN_TYPE = YES_ERROR;
				GCC_WARN_UNDECLARED_SELECTOR = YES;
				GCC_WARN_UNINITIALIZED_AUTOS = YES_AGGRESSIVE;
				GCC_WARN_UNUSED_FUNCTION = YES;
				GCC_WARN_UNUSED_VARIABLE = YES;
				IPHONEOS_DEPLOYMENT_TARGET = 9.0;
				MTL_ENABLE_DEBUG_INFO = NO;
				SDKROOT = iphoneos;
				SWIFT_OPTIMIZATION_LEVEL = "-Owholemodule";
				VALIDATE_PRODUCT = YES;
			};
			name = Release;
		};
		935BD6971CE2670F00E5FDF7 /* Debug */ = {
			isa = XCBuildConfiguration;
			buildSettings = {
				ALWAYS_EMBED_SWIFT_STANDARD_LIBRARIES = YES;
				ASSETCATALOG_COMPILER_APPICON_NAME = AppIcon;
				CLANG_ENABLE_MODULES = YES;
				INFOPLIST_FILE = "$(SRCROOT)/Example/Resources/Info.plist";
				LD_RUNPATH_SEARCH_PATHS = "$(inherited) @executable_path/Frameworks";
				PRODUCT_BUNDLE_IDENTIFIER = io.github.hryk224.Example;
				PRODUCT_NAME = "$(TARGET_NAME)";
				SWIFT_OPTIMIZATION_LEVEL = "-Onone";
				SWIFT_VERSION = 3.0;
			};
			name = Debug;
		};
		935BD6981CE2670F00E5FDF7 /* Release */ = {
			isa = XCBuildConfiguration;
			buildSettings = {
				ALWAYS_EMBED_SWIFT_STANDARD_LIBRARIES = YES;
				ASSETCATALOG_COMPILER_APPICON_NAME = AppIcon;
				CLANG_ENABLE_MODULES = YES;
				INFOPLIST_FILE = "$(SRCROOT)/Example/Resources/Info.plist";
				LD_RUNPATH_SEARCH_PATHS = "$(inherited) @executable_path/Frameworks";
				PRODUCT_BUNDLE_IDENTIFIER = io.github.hryk224.Example;
				PRODUCT_NAME = "$(TARGET_NAME)";
				SWIFT_VERSION = 3.0;
			};
			name = Release;
		};
/* End XCBuildConfiguration section */

/* Begin XCConfigurationList section */
		935BD67F1CE2670F00E5FDF7 /* Build configuration list for PBXProject "Example" */ = {
			isa = XCConfigurationList;
			buildConfigurations = (
				935BD6941CE2670F00E5FDF7 /* Debug */,
				935BD6951CE2670F00E5FDF7 /* Release */,
			);
			defaultConfigurationIsVisible = 0;
			defaultConfigurationName = Release;
		};
		935BD6961CE2670F00E5FDF7 /* Build configuration list for PBXNativeTarget "Example" */ = {
			isa = XCConfigurationList;
			buildConfigurations = (
				935BD6971CE2670F00E5FDF7 /* Debug */,
				935BD6981CE2670F00E5FDF7 /* Release */,
			);
			defaultConfigurationIsVisible = 0;
			defaultConfigurationName = Release;
		};
/* End XCConfigurationList section */
	};
	rootObject = 935BD67C1CE2670F00E5FDF7 /* Project object */;
}
